lockfileVersion: '6.0'

dependencies:
  prettier:
    specifier: ^3.0.3
    version: 3.0.3

devDependencies:
  turbo:
    specifier: ^1.12.3
    version: 1.12.3

packages:

  /prettier@3.0.3:
    resolution: {integrity: sha512-L/4pUDMxcNa8R/EthV08Zt42WBO4h1rarVtK0K+QJG0X187OLo7l699jWw0GKuwzkPQ//jMFA/8Xm6Fh3J/DAg==}
    engines: {node: '>=14'}
    hasBin: true
    dev: false

  /turbo-darwin-64@1.12.3:
    resolution: {integrity: sha512-dDglIaux+A4jOnB9CDH69sujmrnuLJLrKw1t3J+if6ySlFuxSwC++gDq9TVuOZo2+S7lFkGh+x5ytn3wp+jE8Q==}
    cpu: [x64]
    os: [darwin]
    requiresBuild: true
    dev: true
    optional: true

  /turbo-darwin-arm64@1.12.3:
    resolution: {integrity: sha512-5TqqeujEyHMoVUWGzSzUl5ERSg7HDCdbU3gBs5ziWTpFRpeJ/+Y15kYyZJcMQcubRIH3Y1hL/yA5IhlGdgXOMA==}
    cpu: [arm64]
    os: [darwin]
    requiresBuild: true
    dev: true
    optional: true

  /turbo-linux-64@1.12.3:
    resolution: {integrity: sha512-yUreU+/gq4vlBtcdyfjz7slwz4zM1RG8sSXvyHmAS+QXqSrGkegg4qLl2fRbv/c3EyA/XbfcZuD6tcrXkejr6g==}
    cpu: [x64]
    os: [linux]
    requiresBuild: true
    dev: true
    optional: true

  /turbo-linux-arm64@1.12.3:
    resolution: {integrity: sha512-XRwAsp2eRSqZmaMVNrmHoKqofeJMuD87zmefZLTRAObh38hIwKgyl2QRsJIbteob5RN77yFbv3lAJ36UIY5h7w==}
    cpu: [arm64]
    os: [linux]
    requiresBuild: true
    dev: true
    optional: true

  /turbo-windows-64@1.12.3:
    resolution: {integrity: sha512-CPnRfnUCtmFeShOtUdMCthySjmyHaoTyh9JueiYFvtCNeO3WfDMj63dpOQstQWHdJFYmIrIGfhAclcds9ePQYA==}
    cpu: [x64]
    os: [win32]
    requiresBuild: true
    dev: true
    optional: true

  /turbo-windows-arm64@1.12.3:
    resolution: {integrity: sha512-cYA/wlzvp4vlCNHYJ2AjNS3FLXWwUC/5CJompBkTeKFFB6AviE/iLkbIhFikCVSNXZk/3AGanpMUXIkt3bdlwg==}
    cpu: [arm64]
    os: [win32]
    requiresBuild: true
    dev: true
    optional: true

  /turbo@1.12.3:
    resolution: {integrity: sha512-a6q8I0TK9ohACYbkmxzG/JYPuDC4VCvfmXLTlf321qQ4BIAhoyaOj/O2g+zJ6L1vNYnZ82G4LrbMfgLLngbLsg==}
    hasBin: true
    optionalDependencies:
      turbo-darwin-64: 1.12.3
      turbo-darwin-arm64: 1.12.3
      turbo-linux-64: 1.12.3
      turbo-linux-arm64: 1.12.3
      turbo-windows-64: 1.12.3
      turbo-windows-arm64: 1.12.3
    dev: true
